
Microsoft Visual Studio Solution File, Format Version 12.00
# Visual Studio Version 17
VisualStudioVersion = 17.8.34309.116
MinimumVisualStudioVersion = 10.0.40219.1
Project("{FAE04EC0-301F-11D3-BF4B-00C04F79EFBC}") = "4BroShop", "4BroShop.csproj", "{D2C1A509-3E71-4D48-B717-4709FD2B6329}"
EndProject
Global
	GlobalSection(SolutionConfigurationPlatforms) = preSolution
		Debug|Any CPU = Debug|Any CPU
		Release|Any CPU = Release|Any CPU
	EndGlobalSection
	GlobalSection(ProjectConfigurationPlatforms) = postSolution
		{D2C1A509-3E71-4D48-B717-4709FD2B6329}.Debug|Any CPU.ActiveCfg = Debug|Any CPU
		{D2C1A509-3E71-4D48-B717-4709FD2B6329}.Debug|Any CPU.Build.0 = Debug|Any CPU
		{D2C1A509-3E71-4D48-B717-4709FD2B6329}.Release|Any CPU.ActiveCfg = Release|Any CPU
		{D2C1A509-3E71-4D48-B717-4709FD2B6329}.Release|Any CPU.Build.0 = Release|Any CPU
	EndGlobalSection
	GlobalSection(SolutionProperties) = preSolution
		HideSolutionNode = FALSE
	EndGlobalSection
	GlobalSection(ExtensibilityGlobals) = postSolution
		SolutionGuid = {5FC654C8-F593-4781-B792-A9110920F504}
	EndGlobalSection
EndGlobal
